// !$*UTF8*$!
{
	archiveVersion = 1;
	classes = {
	};
	objectVersion = 46;
	objects = {

/* Begin PBXBuildFile section */
		A6591F701ED860F7002F4859 /* NgKeyboardTracker.h in Headers */ = {isa = PBXBuildFile; fileRef = A6591F6E1ED860F7002F4859 /* NgKeyboardTracker.h */; settings = {ATTRIBUTES = (Public, ); }; };
		A6591F731ED860F7002F4859 /* NgKeyboardTracker.framework in Frameworks */ = {isa = PBXBuildFile; fileRef = A6591F6C1ED860F7002F4859 /* NgKeyboardTracker.framework */; };
		A6591F741ED860F7002F4859 /* NgKeyboardTracker.framework in Embed Frameworks */ = {isa = PBXBuildFile; fileRef = A6591F6C1ED860F7002F4859 /* NgKeyboardTracker.framework */; settings = {ATTRIBUTES = (CodeSignOnCopy, RemoveHeadersOnCopy, ); }; };
		A6591F781ED8613C002F4859 /* NgKeyboardTracker.m in Sources */ = {isa = PBXBuildFile; fileRef = DC2EF7511B40E69C0068858F /* NgKeyboardTracker.m */; };
		A6591F791ED86141002F4859 /* NgPseudoInputAccessoryViewCoordinatorPrivates.h in Headers */ = {isa = PBXBuildFile; fileRef = DCEDECE31B46D9DA00C5CB27 /* NgPseudoInputAccessoryViewCoordinatorPrivates.h */; };
		A6591F7A1ED86144002F4859 /* NgPseudoInputAccessoryViewCoordinator.m in Sources */ = {isa = PBXBuildFile; fileRef = DCEDECE11B46D90300C5CB27 /* NgPseudoInputAccessoryViewCoordinator.m */; };
		A6591F7B1ED86148002F4859 /* NgPseudoInputAccessoryViewCoordinator.h in Headers */ = {isa = PBXBuildFile; fileRef = DCEDECE01B46D90300C5CB27 /* NgPseudoInputAccessoryViewCoordinator.h */; settings = {ATTRIBUTES = (Public, ); }; };
		DC2EF7701B40E6CF0068858F /* main.m in Sources */ = {isa = PBXBuildFile; fileRef = DC2EF76F1B40E6CF0068858F /* main.m */; };
		DC2EF7731B40E6CF0068858F /* AppDelegate.m in Sources */ = {isa = PBXBuildFile; fileRef = DC2EF7721B40E6CF0068858F /* AppDelegate.m */; };
		DC2EF7761B40E6CF0068858F /* ViewController.m in Sources */ = {isa = PBXBuildFile; fileRef = DC2EF7751B40E6CF0068858F /* ViewController.m */; };
		DC2EF77B1B40E6CF0068858F /* Images.xcassets in Resources */ = {isa = PBXBuildFile; fileRef = DC2EF77A1B40E6CF0068858F /* Images.xcassets */; };
		DCEDECE51B46E52500C5CB27 /* Default-568h@2x.png in Resources */ = {isa = PBXBuildFile; fileRef = DCEDECE41B46E52500C5CB27 /* Default-568h@2x.png */; };
/* End PBXBuildFile section */

/* Begin PBXContainerItemProxy section */
		A6591F711ED860F7002F4859 /* PBXContainerItemProxy */ = {
			isa = PBXContainerItemProxy;
			containerPortal = DC2EF7441B40E69C0068858F /* Project object */;
			proxyType = 1;
			remoteGlobalIDString = A6591F6B1ED860F7002F4859;
			remoteInfo = NgKeyboardTracker;
		};
/* End PBXContainerItemProxy section */

/* Begin PBXCopyFilesBuildPhase section */
		A6591F561ED85BE3002F4859 /* Embed Frameworks */ = {
			isa = PBXCopyFilesBuildPhase;
			buildActionMask = 2147483647;
			dstPath = "";
			dstSubfolderSpec = 10;
			files = (
				A6591F741ED860F7002F4859 /* NgKeyboardTracker.framework in Embed Frameworks */,
			);
			name = "Embed Frameworks";
			runOnlyForDeploymentPostprocessing = 0;
		};
/* End PBXCopyFilesBuildPhase section */

/* Begin PBXFileReference section */
		A6591F6C1ED860F7002F4859 /* NgKeyboardTracker.framework */ = {isa = PBXFileReference; explicitFileType = wrapper.framework; includeInIndex = 0; path = NgKeyboardTracker.framework; sourceTree = BUILT_PRODUCTS_DIR; };
		A6591F6E1ED860F7002F4859 /* NgKeyboardTracker.h */ = {isa = PBXFileReference; lastKnownFileType = sourcecode.c.h; path = NgKeyboardTracker.h; sourceTree = "<group>"; };
		A6591F6F1ED860F7002F4859 /* Info.plist */ = {isa = PBXFileReference; lastKnownFileType = text.plist.xml; path = Info.plist; sourceTree = "<group>"; };
		DC2EF7511B40E69C0068858F /* NgKeyboardTracker.m */ = {isa = PBXFileReference; lastKnownFileType = sourcecode.c.objc; path = NgKeyboardTracker.m; sourceTree = "<group>"; };
		DC2EF76B1B40E6CF0068858F /* NgKeyboardTrackerDemo.app */ = {isa = PBXFileReference; explicitFileType = wrapper.application; includeInIndex = 0; path = NgKeyboardTrackerDemo.app; sourceTree = BUILT_PRODUCTS_DIR; };
		DC2EF76E1B40E6CF0068858F /* Info.plist */ = {isa = PBXFileReference; lastKnownFileType = text.plist.xml; path = Info.plist; sourceTree = "<group>"; };
		DC2EF76F1B40E6CF0068858F /* main.m */ = {isa = PBXFileReference; lastKnownFileType = sourcecode.c.objc; path = main.m; sourceTree = "<group>"; };
		DC2EF7711B40E6CF0068858F /* AppDelegate.h */ = {isa = PBXFileReference; lastKnownFileType = sourcecode.c.h; path = AppDelegate.h; sourceTree = "<group>"; };
		DC2EF7721B40E6CF0068858F /* AppDelegate.m */ = {isa = PBXFileReference; lastKnownFileType = sourcecode.c.objc; path = AppDelegate.m; sourceTree = "<group>"; };
		DC2EF7741B40E6CF0068858F /* ViewController.h */ = {isa = PBXFileReference; lastKnownFileType = sourcecode.c.h; path = ViewController.h; sourceTree = "<group>"; };
		DC2EF7751B40E6CF0068858F /* ViewController.m */ = {isa = PBXFileReference; lastKnownFileType = sourcecode.c.objc; path = ViewController.m; sourceTree = "<group>"; };
		DC2EF77A1B40E6CF0068858F /* Images.xcassets */ = {isa = PBXFileReference; lastKnownFileType = folder.assetcatalog; path = Images.xcassets; sourceTree = "<group>"; };
		DCE2F55A1B4983850015DF98 /* README.md */ = {isa = PBXFileReference; lastKnownFileType = net.daringfireball.markdown; path = README.md; sourceTree = "<group>"; };
		DCE2F55B1B49839F0015DF98 /* NgKeyboardTracker.podspec */ = {isa = PBXFileReference; lastKnownFileType = text; path = NgKeyboardTracker.podspec; sourceTree = "<group>"; };
		DCE2F55C1B49839F0015DF98 /* LICENSE */ = {isa = PBXFileReference; lastKnownFileType = text; path = LICENSE; sourceTree = "<group>"; };
		DCEDECE01B46D90300C5CB27 /* NgPseudoInputAccessoryViewCoordinator.h */ = {isa = PBXFileReference; fileEncoding = 4; lastKnownFileType = sourcecode.c.h; path = NgPseudoInputAccessoryViewCoordinator.h; sourceTree = "<group>"; };
		DCEDECE11B46D90300C5CB27 /* NgPseudoInputAccessoryViewCoordinator.m */ = {isa = PBXFileReference; fileEncoding = 4; lastKnownFileType = sourcecode.c.objc; path = NgPseudoInputAccessoryViewCoordinator.m; sourceTree = "<group>"; };
		DCEDECE31B46D9DA00C5CB27 /* NgPseudoInputAccessoryViewCoordinatorPrivates.h */ = {isa = PBXFileReference; lastKnownFileType = sourcecode.c.h; path = NgPseudoInputAccessoryViewCoordinatorPrivates.h; sourceTree = "<group>"; };
		DCEDECE41B46E52500C5CB27 /* Default-568h@2x.png */ = {isa = PBXFileReference; lastKnownFileType = image.png; path = "Default-568h@2x.png"; sourceTree = "<group>"; };
/* End PBXFileReference section */

/* Begin PBXFrameworksBuildPhase section */
		A6591F681ED860F7002F4859 /* Frameworks */ = {
			isa = PBXFrameworksBuildPhase;
			buildActionMask = 2147483647;
			files = (
			);
			runOnlyForDeploymentPostprocessing = 0;
		};
		DC2EF7681B40E6CF0068858F /* Frameworks */ = {
			isa = PBXFrameworksBuildPhase;
			buildActionMask = 2147483647;
			files = (
				A6591F731ED860F7002F4859 /* NgKeyboardTracker.framework in Frameworks */,
			);
			runOnlyForDeploymentPostprocessing = 0;
		};
/* End PBXFrameworksBuildPhase section */

/* Begin PBXGroup section */
		A6591F6D1ED860F7002F4859 /* NgKeyboardTracker */ = {
			isa = PBXGroup;
			children = (
				DCEDECE01B46D90300C5CB27 /* NgPseudoInputAccessoryViewCoordinator.h */,
				DCEDECE11B46D90300C5CB27 /* NgPseudoInputAccessoryViewCoordinator.m */,
				DCEDECE31B46D9DA00C5CB27 /* NgPseudoInputAccessoryViewCoordinatorPrivates.h */,
				DC2EF7511B40E69C0068858F /* NgKeyboardTracker.m */,
				A6591F6E1ED860F7002F4859 /* NgKeyboardTracker.h */,
				A6591F6F1ED860F7002F4859 /* Info.plist */,
			);
			path = NgKeyboardTracker;
			sourceTree = "<group>";
		};
		DC2EF7431B40E69C0068858F = {
			isa = PBXGroup;
			children = (
				DCEDECE41B46E52500C5CB27 /* Default-568h@2x.png */,
				DC2EF76C1B40E6CF0068858F /* NgKeyboardTrackerDemo */,
				A6591F6D1ED860F7002F4859 /* NgKeyboardTracker */,
				DC2EF74D1B40E69C0068858F /* Products */,
				DCE2F55B1B49839F0015DF98 /* NgKeyboardTracker.podspec */,
				DCE2F55C1B49839F0015DF98 /* LICENSE */,
				DCE2F55A1B4983850015DF98 /* README.md */,
			);
			sourceTree = "<group>";
		};
		DC2EF74D1B40E69C0068858F /* Products */ = {
			isa = PBXGroup;
			children = (
				DC2EF76B1B40E6CF0068858F /* NgKeyboardTrackerDemo.app */,
				A6591F6C1ED860F7002F4859 /* NgKeyboardTracker.framework */,
			);
			name = Products;
			sourceTree = "<group>";
		};
		DC2EF76C1B40E6CF0068858F /* NgKeyboardTrackerDemo */ = {
			isa = PBXGroup;
			children = (
				DC2EF7711B40E6CF0068858F /* AppDelegate.h */,
				DC2EF7721B40E6CF0068858F /* AppDelegate.m */,
				DC2EF7741B40E6CF0068858F /* ViewController.h */,
				DC2EF7751B40E6CF0068858F /* ViewController.m */,
				DC2EF77A1B40E6CF0068858F /* Images.xcassets */,
				DC2EF76D1B40E6CF0068858F /* Supporting Files */,
			);
			path = NgKeyboardTrackerDemo;
			sourceTree = "<group>";
		};
		DC2EF76D1B40E6CF0068858F /* Supporting Files */ = {
			isa = PBXGroup;
			children = (
				DC2EF76E1B40E6CF0068858F /* Info.plist */,
				DC2EF76F1B40E6CF0068858F /* main.m */,
			);
			name = "Supporting Files";
			sourceTree = "<group>";
		};
/* End PBXGroup section */

/* Begin PBXHeadersBuildPhase section */
		A6591F691ED860F7002F4859 /* Headers */ = {
			isa = PBXHeadersBuildPhase;
			buildActionMask = 2147483647;
			files = (
				A6591F7B1ED86148002F4859 /* NgPseudoInputAccessoryViewCoordinator.h in Headers */,
				A6591F701ED860F7002F4859 /* NgKeyboardTracker.h in Headers */,
				A6591F791ED86141002F4859 /* NgPseudoInputAccessoryViewCoordinatorPrivates.h in Headers */,
			);
			runOnlyForDeploymentPostprocessing = 0;
		};
/* End PBXHeadersBuildPhase section */

/* Begin PBXNativeTarget section */
		A6591F6B1ED860F7002F4859 /* NgKeyboardTracker */ = {
			isa = PBXNativeTarget;
			buildConfigurationList = A6591F751ED860F7002F4859 /* Build configuration list for PBXNativeTarget "NgKeyboardTracker" */;
			buildPhases = (
				A6591F671ED860F7002F4859 /* Sources */,
				A6591F681ED860F7002F4859 /* Frameworks */,
				A6591F691ED860F7002F4859 /* Headers */,
				A6591F6A1ED860F7002F4859 /* Resources */,
			);
			buildRules = (
			);
			dependencies = (
			);
			name = NgKeyboardTracker;
			productName = NgKeyboardTracker;
			productReference = A6591F6C1ED860F7002F4859 /* NgKeyboardTracker.framework */;
			productType = "com.apple.product-type.framework";
		};
		DC2EF76A1B40E6CF0068858F /* NgKeyboardTrackerDemo */ = {
			isa = PBXNativeTarget;
			buildConfigurationList = DC2EF78B1B40E6CF0068858F /* Build configuration list for PBXNativeTarget "NgKeyboardTrackerDemo" */;
			buildPhases = (
				DC2EF7671B40E6CF0068858F /* Sources */,
				DC2EF7681B40E6CF0068858F /* Frameworks */,
				DC2EF7691B40E6CF0068858F /* Resources */,
				A6591F561ED85BE3002F4859 /* Embed Frameworks */,
			);
			buildRules = (
			);
			dependencies = (
				A6591F721ED860F7002F4859 /* PBXTargetDependency */,
			);
			name = NgKeyboardTrackerDemo;
			productName = NgKeyboardTrackerDemo;
			productReference = DC2EF76B1B40E6CF0068858F /* NgKeyboardTrackerDemo.app */;
			productType = "com.apple.product-type.application";
		};
/* End PBXNativeTarget section */

/* Begin PBXProject section */
		DC2EF7441B40E69C0068858F /* Project object */ = {
			isa = PBXProject;
			attributes = {
				LastUpgradeCheck = 0830;
				ORGANIZATIONNAME = BlockThirty;
				TargetAttributes = {
					A6591F6B1ED860F7002F4859 = {
						CreatedOnToolsVersion = 8.3.2;
						LastSwiftMigration = 0830;
						ProvisioningStyle = Automatic;
					};
					DC2EF76A1B40E6CF0068858F = {
						CreatedOnToolsVersion = 6.3.2;
					};
				};
			};
			buildConfigurationList = DC2EF7471B40E69C0068858F /* Build configuration list for PBXProject "NgKeyboardTracker" */;
			compatibilityVersion = "Xcode 3.2";
			developmentRegion = English;
			hasScannedForEncodings = 0;
			knownRegions = (
				en,
				Base,
			);
			mainGroup = DC2EF7431B40E69C0068858F;
			productRefGroup = DC2EF74D1B40E69C0068858F /* Products */;
			projectDirPath = "";
			projectRoot = "";
			targets = (
				DC2EF76A1B40E6CF0068858F /* NgKeyboardTrackerDemo */,
				A6591F6B1ED860F7002F4859 /* NgKeyboardTracker */,
			);
		};
/* End PBXProject section */

/* Begin PBXResourcesBuildPhase section */
		A6591F6A1ED860F7002F4859 /* Resources */ = {
			isa = PBXResourcesBuildPhase;
			buildActionMask = 2147483647;
			files = (
			);
			runOnlyForDeploymentPostprocessing = 0;
		};
		DC2EF7691B40E6CF0068858F /* Resources */ = {
			isa = PBXResourcesBuildPhase;
			buildActionMask = 2147483647;
			files = (
				DC2EF77B1B40E6CF0068858F /* Images.xcassets in Resources */,
				DCEDECE51B46E52500C5CB27 /* Default-568h@2x.png in Resources */,
			);
			runOnlyForDeploymentPostprocessing = 0;
		};
/* End PBXResourcesBuildPhase section */

/* Begin PBXSourcesBuildPhase section */
		A6591F671ED860F7002F4859 /* Sources */ = {
			isa = PBXSourcesBuildPhase;
			buildActionMask = 2147483647;
			files = (
				A6591F7A1ED86144002F4859 /* NgPseudoInputAccessoryViewCoordinator.m in Sources */,
				A6591F781ED8613C002F4859 /* NgKeyboardTracker.m in Sources */,
			);
			runOnlyForDeploymentPostprocessing = 0;
		};
		DC2EF7671B40E6CF0068858F /* Sources */ = {
			isa = PBXSourcesBuildPhase;
			buildActionMask = 2147483647;
			files = (
				DC2EF7761B40E6CF0068858F /* ViewController.m in Sources */,
				DC2EF7731B40E6CF0068858F /* AppDelegate.m in Sources */,
				DC2EF7701B40E6CF0068858F /* main.m in Sources */,
			);
			runOnlyForDeploymentPostprocessing = 0;
		};
/* End PBXSourcesBuildPhase section */

/* Begin PBXTargetDependency section */
		A6591F721ED860F7002F4859 /* PBXTargetDependency */ = {
			isa = PBXTargetDependency;
			target = A6591F6B1ED860F7002F4859 /* NgKeyboardTracker */;
			targetProxy = A6591F711ED860F7002F4859 /* PBXContainerItemProxy */;
		};
/* End PBXTargetDependency section */

/* Begin XCBuildConfiguration section */
		A6591F761ED860F7002F4859 /* Debug */ = {
			isa = XCBuildConfiguration;
			buildSettings = {
				CLANG_ANALYZER_NONNULL = YES;
				CLANG_ANALYZER_NUMBER_OBJECT_CONVERSION = YES_AGGRESSIVE;
				CLANG_ENABLE_MODULES = YES;
				CLANG_WARN_DOCUMENTATION_COMMENTS = YES;
				CLANG_WARN_INFINITE_RECURSION = YES;
				CLANG_WARN_SUSPICIOUS_MOVE = YES;
				CODE_SIGN_IDENTITY = "";
				"CODE_SIGN_IDENTITY[sdk=iphoneos*]" = "";
				CURRENT_PROJECT_VERSION = 1;
				DEBUG_INFORMATION_FORMAT = dwarf;
				DEFINES_MODULE = YES;
				DYLIB_COMPATIBILITY_VERSION = 1;
				DYLIB_CURRENT_VERSION = 1;
				DYLIB_INSTALL_NAME_BASE = "@rpath";
				ENABLE_TESTABILITY = YES;
				INFOPLIST_FILE = NgKeyboardTracker/Info.plist;
				INSTALL_PATH = "$(LOCAL_LIBRARY_DIR)/Frameworks";
				IPHONEOS_DEPLOYMENT_TARGET = 10.3;
				LD_RUNPATH_SEARCH_PATHS = "$(inherited) @executable_path/Frameworks @loader_path/Frameworks";
				PRODUCT_BUNDLE_IDENTIFIER = com.marcorei.NgKeyboardTracker;
				PRODUCT_NAME = "$(TARGET_NAME)";
				SKIP_INSTALL = YES;
				SWIFT_OPTIMIZATION_LEVEL = "-Onone";
				SWIFT_VERSION = 3.0;
				TARGETED_DEVICE_FAMILY = "1,2";
				VERSIONING_SYSTEM = "apple-generic";
				VERSION_INFO_PREFIX = "";
			};
			name = Debug;
		};
		A6591F771ED860F7002F4859 /* Release */ = {
			isa = XCBuildConfiguration;
			buildSettings = {
				CLANG_ANALYZER_NONNULL = YES;
				CLANG_ANALYZER_NUMBER_OBJECT_CONVERSION = YES_AGGRESSIVE;
				CLANG_ENABLE_MODULES = YES;
				CLANG_WARN_DOCUMENTATION_COMMENTS = YES;
				CLANG_WARN_INFINITE_RECURSION = YES;
				CLANG_WARN_SUSPICIOUS_MOVE = YES;
				CODE_SIGN_IDENTITY = "";
				"CODE_SIGN_IDENTITY[sdk=iphoneos*]" = "";
				CURRENT_PROJECT_VERSION = 1;
				DEFINES_MODULE = YES;
				DYLIB_COMPATIBILITY_VERSION = 1;
				DYLIB_CURRENT_VERSION = 1;
				DYLIB_INSTALL_NAME_BASE = "@rpath";
				INFOPLIST_FILE = NgKeyboardTracker/Info.plist;
				INSTALL_PATH = "$(LOCAL_LIBRARY_DIR)/Frameworks";
				IPHONEOS_DEPLOYMENT_TARGET = 10.3;
				LD_RUNPATH_SEARCH_PATHS = "$(inherited) @executable_path/Frameworks @loader_path/Frameworks";
				PRODUCT_BUNDLE_IDENTIFIER = com.marcorei.NgKeyboardTracker;
				PRODUCT_NAME = "$(TARGET_NAME)";
				SKIP_INSTALL = YES;
				SWIFT_VERSION = 3.0;
				TARGETED_DEVICE_FAMILY = "1,2";
				VERSIONING_SYSTEM = "apple-generic";
				VERSION_INFO_PREFIX = "";
			};
			name = Release;
		};
		DC2EF75E1B40E69C0068858F /* Debug */ = {
			isa = XCBuildConfiguration;
			buildSettings = {
				ALWAYS_SEARCH_USER_PATHS = NO;
				CLANG_CXX_LANGUAGE_STANDARD = "gnu++0x";
				CLANG_CXX_LIBRARY = "libc++";
				CLANG_ENABLE_MODULES = YES;
				CLANG_ENABLE_OBJC_ARC = YES;
				CLANG_WARN_BOOL_CONVERSION = YES;
				CLANG_WARN_CONSTANT_CONVERSION = YES;
				CLANG_WARN_DIRECT_OBJC_ISA_USAGE = YES_ERROR;
				CLANG_WARN_EMPTY_BODY = YES;
				CLANG_WARN_ENUM_CONVERSION = YES;
				CLANG_WARN_INFINITE_RECURSION = YES;
				CLANG_WARN_INT_CONVERSION = YES;
				CLANG_WARN_OBJC_ROOT_CLASS = YES_ERROR;
				CLANG_WARN_SUSPICIOUS_MOVE = YES;
				CLANG_WARN_UNREACHABLE_CODE = YES;
				CLANG_WARN__DUPLICATE_METHOD_MATCH = YES;
				COPY_PHASE_STRIP = NO;
				DEBUG_INFORMATION_FORMAT = "dwarf-with-dsym";
				ENABLE_STRICT_OBJC_MSGSEND = YES;
				ENABLE_TESTABILITY = YES;
				GCC_C_LANGUAGE_STANDARD = gnu99;
				GCC_DYNAMIC_NO_PIC = NO;
				GCC_NO_COMMON_BLOCKS = YES;
				GCC_OPTIMIZATION_LEVEL = 0;
				GCC_PREPROCESSOR_DEFINITIONS = (
					"DEBUG=1",
					"$(inherited)",
				);
				GCC_SYMBOLS_PRIVATE_EXTERN = NO;
				GCC_WARN_64_TO_32_BIT_CONVERSION = YES;
				GCC_WARN_ABOUT_RETURN_TYPE = YES_ERROR;
				GCC_WARN_UNDECLARED_SELECTOR = YES;
				GCC_WARN_UNINITIALIZED_AUTOS = YES_AGGRESSIVE;
				GCC_WARN_UNUSED_FUNCTION = YES;
				GCC_WARN_UNUSED_VARIABLE = YES;
				IPHONEOS_DEPLOYMENT_TARGET = 8.3;
				MTL_ENABLE_DEBUG_INFO = YES;
				ONLY_ACTIVE_ARCH = YES;
				SDKROOT = iphoneos;
			};
			name = Debug;
		};
		DC2EF75F1B40E69C0068858F /* Release */ = {
			isa = XCBuildConfiguration;
			buildSettings = {
				ALWAYS_SEARCH_USER_PATHS = NO;
				CLANG_CXX_LANGUAGE_STANDARD = "gnu++0x";
				CLANG_CXX_LIBRARY = "libc++";
				CLANG_ENABLE_MODULES = YES;
				CLANG_ENABLE_OBJC_ARC = YES;
				CLANG_WARN_BOOL_CONVERSION = YES;
				CLANG_WARN_CONSTANT_CONVERSION = YES;
				CLANG_WARN_DIRECT_OBJC_ISA_USAGE = YES_ERROR;
				CLANG_WARN_EMPTY_BODY = YES;
				CLANG_WARN_ENUM_CONVERSION = YES;
				CLANG_WARN_INFINITE_RECURSION = YES;
				CLANG_WARN_INT_CONVERSION = YES;
				CLANG_WARN_OBJC_ROOT_CLASS = YES_ERROR;
				CLANG_WARN_SUSPICIOUS_MOVE = YES;
				CLANG_WARN_UNREACHABLE_CODE = YES;
				CLANG_WARN__DUPLICATE_METHOD_MATCH = YES;
				COPY_PHASE_STRIP = NO;
				DEBUG_INFORMATION_FORMAT = "dwarf-with-dsym";
				ENABLE_NS_ASSERTIONS = NO;
				ENABLE_STRICT_OBJC_MSGSEND = YES;
				GCC_C_LANGUAGE_STANDARD = gnu99;
				GCC_NO_COMMON_BLOCKS = YES;
				GCC_WARN_64_TO_32_BIT_CONVERSION = YES;
				GCC_WARN_ABOUT_RETURN_TYPE = YES_ERROR;
				GCC_WARN_UNDECLARED_SELECTOR = YES;
				GCC_WARN_UNINITIALIZED_AUTOS = YES_AGGRESSIVE;
				GCC_WARN_UNUSED_FUNCTION = YES;
				GCC_WARN_UNUSED_VARIABLE = YES;
				IPHONEOS_DEPLOYMENT_TARGET = 8.3;
				MTL_ENABLE_DEBUG_INFO = NO;
				SDKROOT = iphoneos;
				VALIDATE_PRODUCT = YES;
			};
			name = Release;
		};
		DC2EF78C1B40E6CF0068858F /* Debug */ = {
			isa = XCBuildConfiguration;
			buildSettings = {
				ASSETCATALOG_COMPILER_APPICON_NAME = AppIcon;
				"CODE_SIGN_IDENTITY[sdk=iphoneos*]" = "iPhone Developer";
				DEVELOPMENT_TEAM = "";
				GCC_PREPROCESSOR_DEFINITIONS = (
					"DEBUG=1",
					"$(inherited)",
				);
				INFOPLIST_FILE = NgKeyboardTrackerDemo/Info.plist;
				LD_RUNPATH_SEARCH_PATHS = "$(inherited) @executable_path/Frameworks";
				PRODUCT_BUNDLE_IDENTIFIER = com.marcorei.NgKeyboardTrackerDemo;
				PRODUCT_NAME = "$(TARGET_NAME)";
				TARGETED_DEVICE_FAMILY = "1,2";
			};
			name = Debug;
		};
		DC2EF78D1B40E6CF0068858F /* Release */ = {
			isa = XCBuildConfiguration;
			buildSettings = {
				ASSETCATALOG_COMPILER_APPICON_NAME = AppIcon;
				"CODE_SIGN_IDENTITY[sdk=iphoneos*]" = "iPhone Developer";
				DEVELOPMENT_TEAM = "";
				INFOPLIST_FILE = NgKeyboardTrackerDemo/Info.plist;
				LD_RUNPATH_SEARCH_PATHS = "$(inherited) @executable_path/Frameworks";
				PRODUCT_BUNDLE_IDENTIFIER = com.marcorei.NgKeyboardTrackerDemo;
				PRODUCT_NAME = "$(TARGET_NAME)";
				TARGETED_DEVICE_FAMILY = "1,2";
			};
			name = Release;
		};
/* End XCBuildConfiguration section */

/* Begin XCConfigurationList section */
		A6591F751ED860F7002F4859 /* Build configuration list for PBXNativeTarget "NgKeyboardTracker" */ = {
			isa = XCConfigurationList;
			buildConfigurations = (
				A6591F761ED860F7002F4859 /* Debug */,
				A6591F771ED860F7002F4859 /* Release */,
			);
			defaultConfigurationIsVisible = 0;
		};
		DC2EF7471B40E69C0068858F /* Build configuration list for PBXProject "NgKeyboardTracker" */ = {
			isa = XCConfigurationList;
			buildConfigurations = (
				DC2EF75E1B40E69C0068858F /* Debug */,
				DC2EF75F1B40E69C0068858F /* Release */,
			);
			defaultConfigurationIsVisible = 0;
			defaultConfigurationName = Release;
		};
		DC2EF78B1B40E6CF0068858F /* Build configuration list for PBXNativeTarget "NgKeyboardTrackerDemo" */ = {
			isa = XCConfigurationList;
			buildConfigurations = (
				DC2EF78C1B40E6CF0068858F /* Debug */,
				DC2EF78D1B40E6CF0068858F /* Release */,
			);
			defaultConfigurationIsVisible = 0;
			defaultConfigurationName = Release;
		};
/* End XCConfigurationList section */
	};
	rootObject = DC2EF7441B40E69C0068858F /* Project object */;
}
